
Microsoft Visual Studio Solution File, Format Version 12.00
# Visual Studio Version 16
VisualStudioVersion = 16.0.29409.12
MinimumVisualStudioVersion = 10.0.40219.1
Project("{FAE04EC0-301F-11D3-BF4B-00C04F79EFBC}") = "File_copier_service", "File_copier_service\File_copier_service.csproj", "{5CF6DC0C-BE1B-4A4A-BA13-BE150FAE772D}"
EndProject
Global
	GlobalSection(SolutionConfigurationPlatforms) = preSolution
		Debug|Any CPU = Debug|Any CPU
		Release|Any CPU = Release|Any CPU
	EndGlobalSection
	GlobalSection(ProjectConfigurationPlatforms) = postSolution
		{5CF6DC0C-BE1B-4A4A-BA13-BE150FAE772D}.Debug|Any CPU.ActiveCfg = Debug|Any CPU
		{5CF6DC0C-BE1B-4A4A-BA13-BE150FAE772D}.Debug|Any CPU.Build.0 = Debug|Any CPU
		{5CF6DC0C-BE1B-4A4A-BA13-BE150FAE772D}.Release|Any CPU.ActiveCfg = Release|Any CPU
		{5CF6DC0C-BE1B-4A4A-BA13-BE150FAE772D}.Release|Any CPU.Build.0 = Release|Any CPU
	EndGlobalSection
	GlobalSection(SolutionProperties) = preSolution
		HideSolutionNode = FALSE
	EndGlobalSection
	GlobalSection(ExtensibilityGlobals) = postSolution
		SolutionGuid = {E0B72D60-5C66-463F-BCB0-054E1D24452B}
	EndGlobalSection
EndGlobal
